
Microsoft Visual Studio Solution File, Format Version 12.00
# Visual Studio 2013
VisualStudioVersion = 12.0.30723.0
MinimumVisualStudioVersion = 10.0.40219.1
Project("{2150E333-8FDC-42A3-9474-1A3956D46DE8}") = "Solution Items", "Solution Items", "{BBFBBA8A-2F75-422C-ACCD-D05A6EF7244C}"
	ProjectSection(SolutionItems) = preProject
		AustinHarris.JsonRpc.vsmdi = AustinHarris.JsonRpc.vsmdi
		Local.testsettings = Local.testsettings
		TraceAndTestImpact.testsettings = TraceAndTestImpact.testsettings
	EndProjectSection
EndProject
Project("{FAE04EC0-301F-11D3-BF4B-00C04F79EFBC}") = "AustinHarris.JsonRpc", "Json-Rpc\AustinHarris.JsonRpc.csproj", "{24FC1A2A-0BC3-43A7-9BFE-B628C2C4A307}"
EndProject
Project("{FAE04EC0-301F-11D3-BF4B-00C04F79EFBC}") = "AustinHarris.JsonRpc.AspNet", "AustinHarris.JsonRpc.AspNet\AustinHarris.JsonRpc.AspNet.csproj", "{FFFDEBBC-93F5-4A22-9EC5-D86A4A792DBB}"
EndProject
Project("{FAE04EC0-301F-11D3-BF4B-00C04F79EFBC}") = "AustinHarris.JsonRpcTest", "AustinHarris.JsonRpcTest\AustinHarris.JsonRpcTest.csproj", "{0A11B164-EA4A-41E7-BBE8-2CD19DB4C1AD}"
EndProject
Project("{2150E333-8FDC-42A3-9474-1A3956D46DE8}") = ".nuget", ".nuget", "{4811B06E-0A04-4CD4-9018-FE8295E8BF08}"
	ProjectSection(SolutionItems) = preProject
		.nuget\NuGet.Config = .nuget\NuGet.Config
		.nuget\NuGet.exe = .nuget\NuGet.exe
		.nuget\NuGet.targets = .nuget\NuGet.targets
	EndProjectSection
EndProject
Global
	GlobalSection(SolutionConfigurationPlatforms) = preSolution
		Debug|Any CPU = Debug|Any CPU
		Debug|ARM = Debug|ARM
		Debug|Mixed Platforms = Debug|Mixed Platforms
		Debug|x86 = Debug|x86
		Release|Any CPU = Release|Any CPU
		Release|ARM = Release|ARM
		Release|Mixed Platforms = Release|Mixed Platforms
		Release|x86 = Release|x86
	EndGlobalSection
	GlobalSection(ProjectConfigurationPlatforms) = postSolution
		{24FC1A2A-0BC3-43A7-9BFE-B628C2C4A307}.Debug|Any CPU.ActiveCfg = Debug|Any CPU
		{24FC1A2A-0BC3-43A7-9BFE-B628C2C4A307}.Debug|Any CPU.Build.0 = Debug|Any CPU
		{24FC1A2A-0BC3-43A7-9BFE-B628C2C4A307}.Debug|ARM.ActiveCfg = Debug|x86
		{24FC1A2A-0BC3-43A7-9BFE-B628C2C4A307}.Debug|Mixed Platforms.ActiveCfg = Debug|Any CPU
		{24FC1A2A-0BC3-43A7-9BFE-B628C2C4A307}.Debug|Mixed Platforms.Build.0 = Debug|Any CPU
		{24FC1A2A-0BC3-43A7-9BFE-B628C2C4A307}.Debug|x86.ActiveCfg = Debug|x86
		{24FC1A2A-0BC3-43A7-9BFE-B628C2C4A307}.Debug|x86.Build.0 = Debug|x86
		{24FC1A2A-0BC3-43A7-9BFE-B628C2C4A307}.Release|Any CPU.ActiveCfg = Release|Any CPU
		{24FC1A2A-0BC3-43A7-9BFE-B628C2C4A307}.Release|Any CPU.Build.0 = Release|Any CPU
		{24FC1A2A-0BC3-43A7-9BFE-B628C2C4A307}.Release|ARM.ActiveCfg = Release|x86
		{24FC1A2A-0BC3-43A7-9BFE-B628C2C4A307}.Release|Mixed Platforms.ActiveCfg = Release|x86
		{24FC1A2A-0BC3-43A7-9BFE-B628C2C4A307}.Release|Mixed Platforms.Build.0 = Release|x86
		{24FC1A2A-0BC3-43A7-9BFE-B628C2C4A307}.Release|x86.ActiveCfg = Release|x86
		{24FC1A2A-0BC3-43A7-9BFE-B628C2C4A307}.Release|x86.Build.0 = Release|x86
		{FFFDEBBC-93F5-4A22-9EC5-D86A4A792DBB}.Debug|Any CPU.ActiveCfg = Debug|Any CPU
		{FFFDEBBC-93F5-4A22-9EC5-D86A4A792DBB}.Debug|Any CPU.Build.0 = Debug|Any CPU
		{FFFDEBBC-93F5-4A22-9EC5-D86A4A792DBB}.Debug|ARM.ActiveCfg = Debug|Any CPU
		{FFFDEBBC-93F5-4A22-9EC5-D86A4A792DBB}.Debug|Mixed Platforms.ActiveCfg = Debug|Any CPU
		{FFFDEBBC-93F5-4A22-9EC5-D86A4A792DBB}.Debug|Mixed Platforms.Build.0 = Debug|Any CPU
		{FFFDEBBC-93F5-4A22-9EC5-D86A4A792DBB}.Debug|x86.ActiveCfg = Debug|Any CPU
		{FFFDEBBC-93F5-4A22-9EC5-D86A4A792DBB}.Release|Any CPU.ActiveCfg = Release|Any CPU
		{FFFDEBBC-93F5-4A22-9EC5-D86A4A792DBB}.Release|Any CPU.Build.0 = Release|Any CPU
		{FFFDEBBC-93F5-4A22-9EC5-D86A4A792DBB}.Release|ARM.ActiveCfg = Release|Any CPU
		{FFFDEBBC-93F5-4A22-9EC5-D86A4A792DBB}.Release|Mixed Platforms.ActiveCfg = Release|Any CPU
		{FFFDEBBC-93F5-4A22-9EC5-D86A4A792DBB}.Release|Mixed Platforms.Build.0 = Release|Any CPU
		{FFFDEBBC-93F5-4A22-9EC5-D86A4A792DBB}.Release|x86.ActiveCfg = Release|Any CPU
		{0A11B164-EA4A-41E7-BBE8-2CD19DB4C1AD}.Debug|Any CPU.ActiveCfg = Debug|Any CPU
		{0A11B164-EA4A-41E7-BBE8-2CD19DB4C1AD}.Debug|Any CPU.Build.0 = Debug|Any CPU
		{0A11B164-EA4A-41E7-BBE8-2CD19DB4C1AD}.Debug|ARM.ActiveCfg = Debug|Any CPU
		{0A11B164-EA4A-41E7-BBE8-2CD19DB4C1AD}.Debug|Mixed Platforms.ActiveCfg = Debug|Any CPU
		{0A11B164-EA4A-41E7-BBE8-2CD19DB4C1AD}.Debug|Mixed Platforms.Build.0 = Debug|Any CPU
		{0A11B164-EA4A-41E7-BBE8-2CD19DB4C1AD}.Debug|x86.ActiveCfg = Debug|Any CPU
		{0A11B164-EA4A-41E7-BBE8-2CD19DB4C1AD}.Release|Any CPU.ActiveCfg = Release|Any CPU
		{0A11B164-EA4A-41E7-BBE8-2CD19DB4C1AD}.Release|Any CPU.Build.0 = Release|Any CPU
		{0A11B164-EA4A-41E7-BBE8-2CD19DB4C1AD}.Release|ARM.ActiveCfg = Release|Any CPU
		{0A11B164-EA4A-41E7-BBE8-2CD19DB4C1AD}.Release|Mixed Platforms.ActiveCfg = Release|Any CPU
		{0A11B164-EA4A-41E7-BBE8-2CD19DB4C1AD}.Release|Mixed Platforms.Build.0 = Release|Any CPU
		{0A11B164-EA4A-41E7-BBE8-2CD19DB4C1AD}.Release|x86.ActiveCfg = Release|Any CPU
	EndGlobalSection
	GlobalSection(SolutionProperties) = preSolution
		HideSolutionNode = FALSE
	EndGlobalSection
	GlobalSection(TestCaseManagementSettings) = postSolution
		CategoryFile = AustinHarris.JsonRpc.vsmdi
	EndGlobalSection
EndGlobal
