
Microsoft Visual Studio Solution File, Format Version 12.00
# Visual Studio 2013
VisualStudioVersion = 12.0.30110.0
MinimumVisualStudioVersion = 10.0.40219.1
Project("{2150E333-8FDC-42A3-9474-1A3956D46DE8}") = "Solution Items", "Solution Items", "{BBFBBA8A-2F75-422C-ACCD-D05A6EF7244C}"
	ProjectSection(SolutionItems) = preProject
		AustinHarris.JsonRpc.vsmdi = AustinHarris.JsonRpc.vsmdi
		Local.testsettings = Local.testsettings
		TraceAndTestImpact.testsettings = TraceAndTestImpact.testsettings
	EndProjectSection
EndProject
Project("{FAE04EC0-301F-11D3-BF4B-00C04F79EFBC}") = "AustinHarris.JsonRpc", "Json-Rpc\AustinHarris.JsonRpc.csproj", "{24FC1A2A-0BC3-43A7-9BFE-B628C2C4A307}"
EndProject
Project("{FAE04EC0-301F-11D3-BF4B-00C04F79EFBC}") = "TestClient", "TestClient\TestClient.csproj", "{FA27C906-3591-48A5-B180-646EA6521E3E}"
EndProject
Project("{FAE04EC0-301F-11D3-BF4B-00C04F79EFBC}") = "AustinHarris.JsonRpc.Client", "AustinHarris.JsonRpc.Client\AustinHarris.JsonRpc.Client.csproj", "{03FF12D9-6027-4050-81AC-A90B0EA8F8EB}"
EndProject
Project("{FAE04EC0-301F-11D3-BF4B-00C04F79EFBC}") = "AustinHarris.JsonRpc.AspNet", "AustinHarris.JsonRpc.AspNet\AustinHarris.JsonRpc.AspNet.csproj", "{FFFDEBBC-93F5-4A22-9EC5-D86A4A792DBB}"
EndProject
Project("{FAE04EC0-301F-11D3-BF4B-00C04F79EFBC}") = "TestServer_Console", "TestServer_Console\TestServer_Console.csproj", "{31AE59FC-B6F6-4AC7-A7B9-1E07630AE42B}"
EndProject
Project("{FAE04EC0-301F-11D3-BF4B-00C04F79EFBC}") = "AustinHarris.JsonRpcTest", "AustinHarris.JsonRpcTest\AustinHarris.JsonRpcTest.csproj", "{0A11B164-EA4A-41E7-BBE8-2CD19DB4C1AD}"
EndProject
Project("{FAE04EC0-301F-11D3-BF4B-00C04F79EFBC}") = "TestServer", "JsonRpcTest\TestServer.csproj", "{A1077F2C-62A2-4EF6-BDF3-FB6F539A90A9}"
EndProject
Global
	GlobalSection(SolutionConfigurationPlatforms) = preSolution
		Debug|Any CPU = Debug|Any CPU
		Debug|ARM = Debug|ARM
		Debug|Mixed Platforms = Debug|Mixed Platforms
		Debug|x86 = Debug|x86
		Release|Any CPU = Release|Any CPU
		Release|ARM = Release|ARM
		Release|Mixed Platforms = Release|Mixed Platforms
		Release|x86 = Release|x86
	EndGlobalSection
	GlobalSection(ProjectConfigurationPlatforms) = postSolution
		{24FC1A2A-0BC3-43A7-9BFE-B628C2C4A307}.Debug|Any CPU.ActiveCfg = Debug|x86
		{24FC1A2A-0BC3-43A7-9BFE-B628C2C4A307}.Debug|ARM.ActiveCfg = Debug|x86
		{24FC1A2A-0BC3-43A7-9BFE-B628C2C4A307}.Debug|Mixed Platforms.ActiveCfg = Debug|x86
		{24FC1A2A-0BC3-43A7-9BFE-B628C2C4A307}.Debug|Mixed Platforms.Build.0 = Debug|x86
		{24FC1A2A-0BC3-43A7-9BFE-B628C2C4A307}.Debug|x86.ActiveCfg = Debug|x86
		{24FC1A2A-0BC3-43A7-9BFE-B628C2C4A307}.Debug|x86.Build.0 = Debug|x86
		{24FC1A2A-0BC3-43A7-9BFE-B628C2C4A307}.Release|Any CPU.ActiveCfg = Release|x86
		{24FC1A2A-0BC3-43A7-9BFE-B628C2C4A307}.Release|ARM.ActiveCfg = Release|x86
		{24FC1A2A-0BC3-43A7-9BFE-B628C2C4A307}.Release|Mixed Platforms.ActiveCfg = Release|x86
		{24FC1A2A-0BC3-43A7-9BFE-B628C2C4A307}.Release|Mixed Platforms.Build.0 = Release|x86
		{24FC1A2A-0BC3-43A7-9BFE-B628C2C4A307}.Release|x86.ActiveCfg = Release|x86
		{24FC1A2A-0BC3-43A7-9BFE-B628C2C4A307}.Release|x86.Build.0 = Release|x86
		{FA27C906-3591-48A5-B180-646EA6521E3E}.Debug|Any CPU.ActiveCfg = Debug|Any CPU
		{FA27C906-3591-48A5-B180-646EA6521E3E}.Debug|Any CPU.Build.0 = Debug|Any CPU
		{FA27C906-3591-48A5-B180-646EA6521E3E}.Debug|ARM.ActiveCfg = Debug|Any CPU
		{FA27C906-3591-48A5-B180-646EA6521E3E}.Debug|Mixed Platforms.ActiveCfg = Debug|Any CPU
		{FA27C906-3591-48A5-B180-646EA6521E3E}.Debug|Mixed Platforms.Build.0 = Debug|Any CPU
		{FA27C906-3591-48A5-B180-646EA6521E3E}.Debug|x86.ActiveCfg = Debug|Any CPU
		{FA27C906-3591-48A5-B180-646EA6521E3E}.Release|Any CPU.ActiveCfg = Release|Any CPU
		{FA27C906-3591-48A5-B180-646EA6521E3E}.Release|Any CPU.Build.0 = Release|Any CPU
		{FA27C906-3591-48A5-B180-646EA6521E3E}.Release|ARM.ActiveCfg = Release|Any CPU
		{FA27C906-3591-48A5-B180-646EA6521E3E}.Release|Mixed Platforms.ActiveCfg = Release|Any CPU
		{FA27C906-3591-48A5-B180-646EA6521E3E}.Release|Mixed Platforms.Build.0 = Release|Any CPU
		{FA27C906-3591-48A5-B180-646EA6521E3E}.Release|x86.ActiveCfg = Release|Any CPU
		{03FF12D9-6027-4050-81AC-A90B0EA8F8EB}.Debug|Any CPU.ActiveCfg = Debug|Any CPU
		{03FF12D9-6027-4050-81AC-A90B0EA8F8EB}.Debug|Any CPU.Build.0 = Debug|Any CPU
		{03FF12D9-6027-4050-81AC-A90B0EA8F8EB}.Debug|ARM.ActiveCfg = Debug|Any CPU
		{03FF12D9-6027-4050-81AC-A90B0EA8F8EB}.Debug|Mixed Platforms.ActiveCfg = Debug|Any CPU
		{03FF12D9-6027-4050-81AC-A90B0EA8F8EB}.Debug|Mixed Platforms.Build.0 = Debug|Any CPU
		{03FF12D9-6027-4050-81AC-A90B0EA8F8EB}.Debug|x86.ActiveCfg = Debug|Any CPU
		{03FF12D9-6027-4050-81AC-A90B0EA8F8EB}.Release|Any CPU.ActiveCfg = Release|Any CPU
		{03FF12D9-6027-4050-81AC-A90B0EA8F8EB}.Release|Any CPU.Build.0 = Release|Any CPU
		{03FF12D9-6027-4050-81AC-A90B0EA8F8EB}.Release|ARM.ActiveCfg = Release|Any CPU
		{03FF12D9-6027-4050-81AC-A90B0EA8F8EB}.Release|Mixed Platforms.ActiveCfg = Release|Any CPU
		{03FF12D9-6027-4050-81AC-A90B0EA8F8EB}.Release|Mixed Platforms.Build.0 = Release|Any CPU
		{03FF12D9-6027-4050-81AC-A90B0EA8F8EB}.Release|x86.ActiveCfg = Release|Any CPU
		{FFFDEBBC-93F5-4A22-9EC5-D86A4A792DBB}.Debug|Any CPU.ActiveCfg = Debug|Any CPU
		{FFFDEBBC-93F5-4A22-9EC5-D86A4A792DBB}.Debug|Any CPU.Build.0 = Debug|Any CPU
		{FFFDEBBC-93F5-4A22-9EC5-D86A4A792DBB}.Debug|ARM.ActiveCfg = Debug|Any CPU
		{FFFDEBBC-93F5-4A22-9EC5-D86A4A792DBB}.Debug|Mixed Platforms.ActiveCfg = Debug|Any CPU
		{FFFDEBBC-93F5-4A22-9EC5-D86A4A792DBB}.Debug|Mixed Platforms.Build.0 = Debug|Any CPU
		{FFFDEBBC-93F5-4A22-9EC5-D86A4A792DBB}.Debug|x86.ActiveCfg = Debug|Any CPU
		{FFFDEBBC-93F5-4A22-9EC5-D86A4A792DBB}.Release|Any CPU.ActiveCfg = Release|Any CPU
		{FFFDEBBC-93F5-4A22-9EC5-D86A4A792DBB}.Release|Any CPU.Build.0 = Release|Any CPU
		{FFFDEBBC-93F5-4A22-9EC5-D86A4A792DBB}.Release|ARM.ActiveCfg = Release|Any CPU
		{FFFDEBBC-93F5-4A22-9EC5-D86A4A792DBB}.Release|Mixed Platforms.ActiveCfg = Release|Any CPU
		{FFFDEBBC-93F5-4A22-9EC5-D86A4A792DBB}.Release|Mixed Platforms.Build.0 = Release|Any CPU
		{FFFDEBBC-93F5-4A22-9EC5-D86A4A792DBB}.Release|x86.ActiveCfg = Release|Any CPU
		{31AE59FC-B6F6-4AC7-A7B9-1E07630AE42B}.Debug|Any CPU.ActiveCfg = Debug|x86
		{31AE59FC-B6F6-4AC7-A7B9-1E07630AE42B}.Debug|ARM.ActiveCfg = Debug|x86
		{31AE59FC-B6F6-4AC7-A7B9-1E07630AE42B}.Debug|Mixed Platforms.ActiveCfg = Debug|x86
		{31AE59FC-B6F6-4AC7-A7B9-1E07630AE42B}.Debug|Mixed Platforms.Build.0 = Debug|x86
		{31AE59FC-B6F6-4AC7-A7B9-1E07630AE42B}.Debug|x86.ActiveCfg = Debug|x86
		{31AE59FC-B6F6-4AC7-A7B9-1E07630AE42B}.Debug|x86.Build.0 = Debug|x86
		{31AE59FC-B6F6-4AC7-A7B9-1E07630AE42B}.Release|Any CPU.ActiveCfg = Release|x86
		{31AE59FC-B6F6-4AC7-A7B9-1E07630AE42B}.Release|ARM.ActiveCfg = Release|x86
		{31AE59FC-B6F6-4AC7-A7B9-1E07630AE42B}.Release|Mixed Platforms.ActiveCfg = Release|x86
		{31AE59FC-B6F6-4AC7-A7B9-1E07630AE42B}.Release|Mixed Platforms.Build.0 = Release|x86
		{31AE59FC-B6F6-4AC7-A7B9-1E07630AE42B}.Release|x86.ActiveCfg = Release|x86
		{31AE59FC-B6F6-4AC7-A7B9-1E07630AE42B}.Release|x86.Build.0 = Release|x86
		{0A11B164-EA4A-41E7-BBE8-2CD19DB4C1AD}.Debug|Any CPU.ActiveCfg = Debug|Any CPU
		{0A11B164-EA4A-41E7-BBE8-2CD19DB4C1AD}.Debug|Any CPU.Build.0 = Debug|Any CPU
		{0A11B164-EA4A-41E7-BBE8-2CD19DB4C1AD}.Debug|ARM.ActiveCfg = Debug|Any CPU
		{0A11B164-EA4A-41E7-BBE8-2CD19DB4C1AD}.Debug|Mixed Platforms.ActiveCfg = Debug|Any CPU
		{0A11B164-EA4A-41E7-BBE8-2CD19DB4C1AD}.Debug|Mixed Platforms.Build.0 = Debug|Any CPU
		{0A11B164-EA4A-41E7-BBE8-2CD19DB4C1AD}.Debug|x86.ActiveCfg = Debug|Any CPU
		{0A11B164-EA4A-41E7-BBE8-2CD19DB4C1AD}.Release|Any CPU.ActiveCfg = Release|Any CPU
		{0A11B164-EA4A-41E7-BBE8-2CD19DB4C1AD}.Release|Any CPU.Build.0 = Release|Any CPU
		{0A11B164-EA4A-41E7-BBE8-2CD19DB4C1AD}.Release|ARM.ActiveCfg = Release|Any CPU
		{0A11B164-EA4A-41E7-BBE8-2CD19DB4C1AD}.Release|Mixed Platforms.ActiveCfg = Release|Any CPU
		{0A11B164-EA4A-41E7-BBE8-2CD19DB4C1AD}.Release|Mixed Platforms.Build.0 = Release|Any CPU
		{0A11B164-EA4A-41E7-BBE8-2CD19DB4C1AD}.Release|x86.ActiveCfg = Release|Any CPU
		{A1077F2C-62A2-4EF6-BDF3-FB6F539A90A9}.Debug|Any CPU.ActiveCfg = Debug|Any CPU
		{A1077F2C-62A2-4EF6-BDF3-FB6F539A90A9}.Debug|Any CPU.Build.0 = Debug|Any CPU
		{A1077F2C-62A2-4EF6-BDF3-FB6F539A90A9}.Debug|ARM.ActiveCfg = Debug|Any CPU
		{A1077F2C-62A2-4EF6-BDF3-FB6F539A90A9}.Debug|Mixed Platforms.ActiveCfg = Debug|Any CPU
		{A1077F2C-62A2-4EF6-BDF3-FB6F539A90A9}.Debug|Mixed Platforms.Build.0 = Debug|Any CPU
		{A1077F2C-62A2-4EF6-BDF3-FB6F539A90A9}.Debug|x86.ActiveCfg = Debug|Any CPU
		{A1077F2C-62A2-4EF6-BDF3-FB6F539A90A9}.Release|Any CPU.ActiveCfg = Release|Any CPU
		{A1077F2C-62A2-4EF6-BDF3-FB6F539A90A9}.Release|Any CPU.Build.0 = Release|Any CPU
		{A1077F2C-62A2-4EF6-BDF3-FB6F539A90A9}.Release|ARM.ActiveCfg = Release|Any CPU
		{A1077F2C-62A2-4EF6-BDF3-FB6F539A90A9}.Release|Mixed Platforms.ActiveCfg = Release|Any CPU
		{A1077F2C-62A2-4EF6-BDF3-FB6F539A90A9}.Release|Mixed Platforms.Build.0 = Release|Any CPU
		{A1077F2C-62A2-4EF6-BDF3-FB6F539A90A9}.Release|x86.ActiveCfg = Release|Any CPU
	EndGlobalSection
	GlobalSection(SolutionProperties) = preSolution
		HideSolutionNode = FALSE
	EndGlobalSection
	GlobalSection(TestCaseManagementSettings) = postSolution
		CategoryFile = AustinHarris.JsonRpc.vsmdi
	EndGlobalSection
EndGlobal
